Microsoft Visual Studio Solution File, Format Version 12.00
# Visual Studio 2012
Project("{FAE04EC0-301F-11D3-BF4B-00C04F79EFBC}") = "2d-shoot-em-up", "2d-shoot-em-up.csproj", "{47976E5C-9FA1-404F-BA88-BA0D6DB38B14}"
EndProject
Global
	GlobalSection(SolutionConfigurationPlatforms) = preSolution
	Debug|Any CPU = Debug|Any CPU
	ExportDebug|Any CPU = ExportDebug|Any CPU
	ExportRelease|Any CPU = ExportRelease|Any CPU
	EndGlobalSection
	GlobalSection(ProjectConfigurationPlatforms) = postSolution
		{47976E5C-9FA1-404F-BA88-BA0D6DB38B14}.Debug|Any CPU.ActiveCfg = Debug|Any CPU
		{47976E5C-9FA1-404F-BA88-BA0D6DB38B14}.Debug|Any CPU.Build.0 = Debug|Any CPU
		{47976E5C-9FA1-404F-BA88-BA0D6DB38B14}.ExportDebug|Any CPU.ActiveCfg = ExportDebug|Any CPU
		{47976E5C-9FA1-404F-BA88-BA0D6DB38B14}.ExportDebug|Any CPU.Build.0 = ExportDebug|Any CPU
		{47976E5C-9FA1-404F-BA88-BA0D6DB38B14}.ExportRelease|Any CPU.ActiveCfg = ExportRelease|Any CPU
		{47976E5C-9FA1-404F-BA88-BA0D6DB38B14}.ExportRelease|Any CPU.Build.0 = ExportRelease|Any CPU
	EndGlobalSection
EndGlobal
